
Microsoft Visual Studio Solution File, Format Version 12.00
# Visual Studio 15
VisualStudioVersion = 15.0.26730.12
MinimumVisualStudioVersion = 10.0.40219.1
Project("{8BC9CEB8-8B4A-11D0-8D11-00A0C91BC942}") = "Test", "Test\Test.vcxproj", "{C9F6961C-6E8D-4FE8-B7F8-59641C7C3CA3}"
EndProject
Project("{8BC9CEB8-8B4A-11D0-8D11-00A0C91BC942}") = "Blink - Setup Test", "Blink - Setup Test\Blink - Setup Test.vcxproj", "{C5F80730-F44F-4478-BDAE-6634EFC2CA88}"
EndProject
Global
	GlobalSection(SolutionConfigurationPlatforms) = preSolution
		Debug|x86 = Debug|x86
		Release|x86 = Release|x86
	EndGlobalSection
	GlobalSection(ProjectConfigurationPlatforms) = postSolution
		{C9F6961C-6E8D-4FE8-B7F8-59641C7C3CA3}.Debug|x86.ActiveCfg = Debug|Win32
		{C9F6961C-6E8D-4FE8-B7F8-59641C7C3CA3}.Debug|x86.Build.0 = Debug|Win32
		{C9F6961C-6E8D-4FE8-B7F8-59641C7C3CA3}.Release|x86.ActiveCfg = Release|Win32
		{C9F6961C-6E8D-4FE8-B7F8-59641C7C3CA3}.Release|x86.Build.0 = Release|Win32
		{C5F80730-F44F-4478-BDAE-6634EFC2CA88}.Debug|x86.ActiveCfg = Debug|Win32
		{C5F80730-F44F-4478-BDAE-6634EFC2CA88}.Debug|x86.Build.0 = Debug|Win32
		{C5F80730-F44F-4478-BDAE-6634EFC2CA88}.Release|x86.ActiveCfg = Release|Win32
		{C5F80730-F44F-4478-BDAE-6634EFC2CA88}.Release|x86.Build.0 = Release|Win32
	EndGlobalSection
	GlobalSection(SolutionProperties) = preSolution
		HideSolutionNode = FALSE
	EndGlobalSection
	GlobalSection(ExtensibilityGlobals) = postSolution
		SolutionGuid = {92F21EAD-FF7B-44AF-A04D-3D7C38F04573}
	EndGlobalSection
EndGlobal
