
Microsoft Visual Studio Solution File, Format Version 12.00
# Visual Studio 15
VisualStudioVersion = 15.0.26730.12
MinimumVisualStudioVersion = 10.0.40219.1
Project("{8BC9CEB8-8B4A-11D0-8D11-00A0C91BC942}") = "Blink - Setup Test", "Blink - Setup Test\Blink - Setup Test.vcxproj", "{C5F80730-F44F-4478-BDAE-6634EFC2CA88}"
EndProject
Project("{8BC9CEB8-8B4A-11D0-8D11-00A0C91BC942}") = "Blink - Bare Mental Test", "Blink - Bare Metal Test\Test.vcxproj", "{C9F6961C-6E8D-4FE8-B7F8-59641C7C3CA3}"
EndProject
Project("{8BC9CEB8-8B4A-11D0-8D11-00A0C91BC942}") = "Counter", "Lab1\Lab1.vcxproj", "{A5CD684A-DFF1-421D-87D0-A8CB3E95A63D}"
EndProject
Project("{2150E333-8FDC-42A3-9474-1A3956D46DE8}") = "Tests", "Tests", "{00131B12-0BD8-4708-9AC7-1E547657EA15}"
EndProject
Project("{2150E333-8FDC-42A3-9474-1A3956D46DE8}") = "Labs", "Labs", "{0E367EC3-5D49-4418-89F1-2F8C83AD8C8C}"
EndProject
Project("{8BC9CEB8-8B4A-11D0-8D11-00A0C91BC942}") = "Counter", "Counter\Counter.vcxproj", "{E9150DCE-EF26-4FE5-A9D5-E64DC51403B3}"
EndProject
Project("{8BC9CEB8-8B4A-11D0-8D11-00A0C91BC942}") = "TimerPoweredLed", "TimerPoweredLed\TimerPoweredLed.vcxproj", "{FB11F19E-7AA7-4539-A985-9257D8E46F13}"
EndProject
Project("{2150E333-8FDC-42A3-9474-1A3956D46DE8}") = "Lab2", "Lab2", "{66583567-8BF8-4F43-869C-DE5DDB1CE2BF}"
EndProject
Project("{2150E333-8FDC-42A3-9474-1A3956D46DE8}") = "Lab1", "Lab1", "{DAD419EC-A284-4B8D-BEE0-1B7431B2197C}"
EndProject
Project("{8BC9CEB8-8B4A-11D0-8D11-00A0C91BC942}") = "Serial - Arduino Test", "Serial - Arduino Test\Serial - Arduino Test.vcxproj", "{B4889954-5DFB-4DDD-BA86-001CCD2536EC}"
EndProject
Global
	GlobalSection(SolutionConfigurationPlatforms) = preSolution
		Debug|x86 = Debug|x86
		Release|x86 = Release|x86
	EndGlobalSection
	GlobalSection(ProjectConfigurationPlatforms) = postSolution
		{C5F80730-F44F-4478-BDAE-6634EFC2CA88}.Debug|x86.ActiveCfg = Debug|Win32
		{C5F80730-F44F-4478-BDAE-6634EFC2CA88}.Debug|x86.Build.0 = Debug|Win32
		{C5F80730-F44F-4478-BDAE-6634EFC2CA88}.Release|x86.ActiveCfg = Release|Win32
		{C5F80730-F44F-4478-BDAE-6634EFC2CA88}.Release|x86.Build.0 = Release|Win32
		{C9F6961C-6E8D-4FE8-B7F8-59641C7C3CA3}.Debug|x86.ActiveCfg = Debug|Win32
		{C9F6961C-6E8D-4FE8-B7F8-59641C7C3CA3}.Debug|x86.Build.0 = Debug|Win32
		{C9F6961C-6E8D-4FE8-B7F8-59641C7C3CA3}.Release|x86.ActiveCfg = Release|Win32
		{C9F6961C-6E8D-4FE8-B7F8-59641C7C3CA3}.Release|x86.Build.0 = Release|Win32
		{A5CD684A-DFF1-421D-87D0-A8CB3E95A63D}.Debug|x86.ActiveCfg = Debug|Win32
		{A5CD684A-DFF1-421D-87D0-A8CB3E95A63D}.Debug|x86.Build.0 = Debug|Win32
		{A5CD684A-DFF1-421D-87D0-A8CB3E95A63D}.Release|x86.ActiveCfg = Release|Win32
		{A5CD684A-DFF1-421D-87D0-A8CB3E95A63D}.Release|x86.Build.0 = Release|Win32
		{E9150DCE-EF26-4FE5-A9D5-E64DC51403B3}.Debug|x86.ActiveCfg = Debug|Win32
		{E9150DCE-EF26-4FE5-A9D5-E64DC51403B3}.Debug|x86.Build.0 = Debug|Win32
		{E9150DCE-EF26-4FE5-A9D5-E64DC51403B3}.Release|x86.ActiveCfg = Release|Win32
		{E9150DCE-EF26-4FE5-A9D5-E64DC51403B3}.Release|x86.Build.0 = Release|Win32
		{FB11F19E-7AA7-4539-A985-9257D8E46F13}.Debug|x86.ActiveCfg = Debug|Win32
		{FB11F19E-7AA7-4539-A985-9257D8E46F13}.Debug|x86.Build.0 = Debug|Win32
		{FB11F19E-7AA7-4539-A985-9257D8E46F13}.Release|x86.ActiveCfg = Release|Win32
		{FB11F19E-7AA7-4539-A985-9257D8E46F13}.Release|x86.Build.0 = Release|Win32
		{B4889954-5DFB-4DDD-BA86-001CCD2536EC}.Debug|x86.ActiveCfg = Debug|Win32
		{B4889954-5DFB-4DDD-BA86-001CCD2536EC}.Debug|x86.Build.0 = Debug|Win32
		{B4889954-5DFB-4DDD-BA86-001CCD2536EC}.Release|x86.ActiveCfg = Release|Win32
		{B4889954-5DFB-4DDD-BA86-001CCD2536EC}.Release|x86.Build.0 = Release|Win32
	EndGlobalSection
	GlobalSection(SolutionProperties) = preSolution
		HideSolutionNode = FALSE
	EndGlobalSection
	GlobalSection(NestedProjects) = preSolution
		{C5F80730-F44F-4478-BDAE-6634EFC2CA88} = {00131B12-0BD8-4708-9AC7-1E547657EA15}
		{C9F6961C-6E8D-4FE8-B7F8-59641C7C3CA3} = {00131B12-0BD8-4708-9AC7-1E547657EA15}
		{A5CD684A-DFF1-421D-87D0-A8CB3E95A63D} = {DAD419EC-A284-4B8D-BEE0-1B7431B2197C}
		{E9150DCE-EF26-4FE5-A9D5-E64DC51403B3} = {00131B12-0BD8-4708-9AC7-1E547657EA15}
		{FB11F19E-7AA7-4539-A985-9257D8E46F13} = {66583567-8BF8-4F43-869C-DE5DDB1CE2BF}
		{66583567-8BF8-4F43-869C-DE5DDB1CE2BF} = {0E367EC3-5D49-4418-89F1-2F8C83AD8C8C}
		{DAD419EC-A284-4B8D-BEE0-1B7431B2197C} = {0E367EC3-5D49-4418-89F1-2F8C83AD8C8C}
		{B4889954-5DFB-4DDD-BA86-001CCD2536EC} = {00131B12-0BD8-4708-9AC7-1E547657EA15}
	EndGlobalSection
	GlobalSection(ExtensibilityGlobals) = postSolution
		SolutionGuid = {92F21EAD-FF7B-44AF-A04D-3D7C38F04573}
	EndGlobalSection
EndGlobal
